// !$*UTF8*$!
{
	archiveVersion = 1;
	classes = {
	};
	objectVersion = 51;
	objects = {

/* Begin PBXBuildFile section */
		35C61F122BBBF6273D1FE9AF /* Pods_CommanderContracts_iOS.framework in Frameworks */ = {isa = PBXBuildFile; fileRef = 13246A90E89D05A9604AECB3 /* Pods_CommanderContracts_iOS.framework */; };
		CE95ED85A02443A080EE2631 /* Pods_CommanderContracts_iOSTests.framework in Frameworks */ = {isa = PBXBuildFile; fileRef = FFD6DD5E25D8D1F2AC4B452B /* Pods_CommanderContracts_iOSTests.framework */; };
		E7E77634EA0347899EB0CC19 /* Pods_CommanderContracts_iOS_CommanderContracts_iOSUITests.framework in Frameworks */ = {isa = PBXBuildFile; fileRef = DBFEF8E9F8050B2D87391F40 /* Pods_CommanderContracts_iOS_CommanderContracts_iOSUITests.framework */; };
		EE20E632272C929600E7C783 /* ExistingContractsViewController.swift in Sources */ = {isa = PBXBuildFile; fileRef = EE20E631272C929600E7C783 /* ExistingContractsViewController.swift */; };
		EE341D01271AF75F00832A96 /* AppDelegate.swift in Sources */ = {isa = PBXBuildFile; fileRef = EE341D00271AF75F00832A96 /* AppDelegate.swift */; };
		EE341D03271AF75F00832A96 /* SceneDelegate.swift in Sources */ = {isa = PBXBuildFile; fileRef = EE341D02271AF75F00832A96 /* SceneDelegate.swift */; };
		EE341D05271AF75F00832A96 /* HomeViewController.swift in Sources */ = {isa = PBXBuildFile; fileRef = EE341D04271AF75F00832A96 /* HomeViewController.swift */; };
		EE341D08271AF75F00832A96 /* Main.storyboard in Resources */ = {isa = PBXBuildFile; fileRef = EE341D06271AF75F00832A96 /* Main.storyboard */; };
		EE341D0A271AF76100832A96 /* Assets.xcassets in Resources */ = {isa = PBXBuildFile; fileRef = EE341D09271AF76100832A96 /* Assets.xcassets */; };
		EE341D0D271AF76100832A96 /* LaunchScreen.storyboard in Resources */ = {isa = PBXBuildFile; fileRef = EE341D0B271AF76100832A96 /* LaunchScreen.storyboard */; };
		EE341D18271AF76200832A96 /* CommanderContracts_iOSTests.swift in Sources */ = {isa = PBXBuildFile; fileRef = EE341D17271AF76200832A96 /* CommanderContracts_iOSTests.swift */; };
		EE341D23271AF76200832A96 /* CommanderContracts_iOSUITests.swift in Sources */ = {isa = PBXBuildFile; fileRef = EE341D22271AF76200832A96 /* CommanderContracts_iOSUITests.swift */; };
		EE3A5847272816E900AC4B53 /* ProgressIndicator.swift in Sources */ = {isa = PBXBuildFile; fileRef = EE3A5846272816E900AC4B53 /* ProgressIndicator.swift */; };
		EE3A58642728222300AC4B53 /* UIShowHideTextField.swift in Sources */ = {isa = PBXBuildFile; fileRef = EE3A58632728222300AC4B53 /* UIShowHideTextField.swift */; };
		EE50B9A3271DB6CA0073B197 /* LoginViewController.swift in Sources */ = {isa = PBXBuildFile; fileRef = EE50B9A2271DB6CA0073B197 /* LoginViewController.swift */; };
		EE50B9A8271DB7010073B197 /* RegisterViewController.swift in Sources */ = {isa = PBXBuildFile; fileRef = EE50B9A7271DB7010073B197 /* RegisterViewController.swift */; };
		EE50B9AD271DB7510073B197 /* Extensions.swift in Sources */ = {isa = PBXBuildFile; fileRef = EE50B9AC271DB7510073B197 /* Extensions.swift */; };
		EE50B9B2271DB8190073B197 /* AuthManager.swift in Sources */ = {isa = PBXBuildFile; fileRef = EE50B9B1271DB8190073B197 /* AuthManager.swift */; };
		EE50B9B7271DB89D0073B197 /* StorageManager.swift in Sources */ = {isa = PBXBuildFile; fileRef = EE50B9B6271DB89D0073B197 /* StorageManager.swift */; };
		EE50B9BC271DB8E70073B197 /* DatabaseManager.swift in Sources */ = {isa = PBXBuildFile; fileRef = EE50B9BB271DB8E70073B197 /* DatabaseManager.swift */; };
		EE784537272963C6008EDEF6 /* GoogleService-Info.plist in Resources */ = {isa = PBXBuildFile; fileRef = EE784536272963C6008EDEF6 /* GoogleService-Info.plist */; };
		EE78453C2729698A008EDEF6 /* Services.swift in Sources */ = {isa = PBXBuildFile; fileRef = EE78453B2729698A008EDEF6 /* Services.swift */; };
		EE784541272982B6008EDEF6 /* Toast.swift in Sources */ = {isa = PBXBuildFile; fileRef = EE784540272982B6008EDEF6 /* Toast.swift */; };
		EE84621A272703590022E493 /* ResetPasswordViewController.swift in Sources */ = {isa = PBXBuildFile; fileRef = EE846219272703590022E493 /* ResetPasswordViewController.swift */; };
		EE96DCDB27235FA000D20A2F /* Utilities.swift in Sources */ = {isa = PBXBuildFile; fileRef = EE96DCDA27235FA000D20A2F /* Utilities.swift */; };
		EE96DCE3272361EE00D20A2F /* TogglePassword.swift in Sources */ = {isa = PBXBuildFile; fileRef = EE96DCE2272361EE00D20A2F /* TogglePassword.swift */; };
		EEA71756272B163D0036A87B /* Canvas.swift in Sources */ = {isa = PBXBuildFile; fileRef = EEA71755272B163D0036A87B /* Canvas.swift */; };
		EEA7175B272B17350036A87B /* SignaturePadViewController.swift in Sources */ = {isa = PBXBuildFile; fileRef = EEA7175A272B17350036A87B /* SignaturePadViewController.swift */; };
		EEA71760272B2B840036A87B /* ClientOrUserSingleton.swift in Sources */ = {isa = PBXBuildFile; fileRef = EEA7175F272B2B840036A87B /* ClientOrUserSingleton.swift */; };
		EEB86BBC272C727F006E4E07 /* FirebaseStorageManager.swift in Sources */ = {isa = PBXBuildFile; fileRef = EEB86BBB272C727F006E4E07 /* FirebaseStorageManager.swift */; };
		EEEEB5F7272AC7FB00F704C2 /* NewContractViewController.swift in Sources */ = {isa = PBXBuildFile; fileRef = EEEEB5F6272AC7FB00F704C2 /* NewContractViewController.swift */; };
		EEEEB5FC272AF09B00F704C2 /* CaptureSignaturesViewController.swift in Sources */ = {isa = PBXBuildFile; fileRef = EEEEB5FB272AF09B00F704C2 /* CaptureSignaturesViewController.swift */; };
/* End PBXBuildFile section */

/* Begin PBXContainerItemProxy section */
		EE341D14271AF76200832A96 /* PBXContainerItemProxy */ = {
			isa = PBXContainerItemProxy;
			containerPortal = EE341CF5271AF75F00832A96 /* Project object */;
			proxyType = 1;
			remoteGlobalIDString = EE341CFC271AF75F00832A96;
			remoteInfo = "CommanderContracts-iOS";
		};
		EE341D1F271AF76200832A96 /* PBXContainerItemProxy */ = {
			isa = PBXContainerItemProxy;
			containerPortal = EE341CF5271AF75F00832A96 /* Project object */;
			proxyType = 1;
			remoteGlobalIDString = EE341CFC271AF75F00832A96;
			remoteInfo = "CommanderContracts-iOS";
		};
/* End PBXContainerItemProxy section */

/* Begin PBXFileReference section */
		0C43E786960AE62FDAAA61B0 /* Pods-CommanderContracts-iOS.release.xcconfig */ = {isa = PBXFileReference; includeInIndex = 1; lastKnownFileType = text.xcconfig; name = "Pods-CommanderContracts-iOS.release.xcconfig"; path = "Target Support Files/Pods-CommanderContracts-iOS/Pods-CommanderContracts-iOS.release.xcconfig"; sourceTree = "<group>"; };
		13246A90E89D05A9604AECB3 /* Pods_CommanderContracts_iOS.framework */ = {isa = PBXFileReference; explicitFileType = wrapper.framework; includeInIndex = 0; path = Pods_CommanderContracts_iOS.framework; sourceTree = BUILT_PRODUCTS_DIR; };
		29041A0249C27BEFE524A728 /* Pods-CommanderContracts-iOSTests.debug.xcconfig */ = {isa = PBXFileReference; includeInIndex = 1; lastKnownFileType = text.xcconfig; name = "Pods-CommanderContracts-iOSTests.debug.xcconfig"; path = "Target Support Files/Pods-CommanderContracts-iOSTests/Pods-CommanderContracts-iOSTests.debug.xcconfig"; sourceTree = "<group>"; };
		391EE058F712E22AF8FDEA0B /* Pods-CommanderContracts-iOSTests.release.xcconfig */ = {isa = PBXFileReference; includeInIndex = 1; lastKnownFileType = text.xcconfig; name = "Pods-CommanderContracts-iOSTests.release.xcconfig"; path = "Target Support Files/Pods-CommanderContracts-iOSTests/Pods-CommanderContracts-iOSTests.release.xcconfig"; sourceTree = "<group>"; };
		83BDA51FCBFAF1FB629CA73A /* Pods-CommanderContracts-iOS-CommanderContracts-iOSUITests.release.xcconfig */ = {isa = PBXFileReference; includeInIndex = 1; lastKnownFileType = text.xcconfig; name = "Pods-CommanderContracts-iOS-CommanderContracts-iOSUITests.release.xcconfig"; path = "Target Support Files/Pods-CommanderContracts-iOS-CommanderContracts-iOSUITests/Pods-CommanderContracts-iOS-CommanderContracts-iOSUITests.release.xcconfig"; sourceTree = "<group>"; };
		92EE5A27AB28D859F783048D /* Pods-CommanderContracts-iOS-CommanderContracts-iOSUITests.debug.xcconfig */ = {isa = PBXFileReference; includeInIndex = 1; lastKnownFileType = text.xcconfig; name = "Pods-CommanderContracts-iOS-CommanderContracts-iOSUITests.debug.xcconfig"; path = "Target Support Files/Pods-CommanderContracts-iOS-CommanderContracts-iOSUITests/Pods-CommanderContracts-iOS-CommanderContracts-iOSUITests.debug.xcconfig"; sourceTree = "<group>"; };
		DBFEF8E9F8050B2D87391F40 /* Pods_CommanderContracts_iOS_CommanderContracts_iOSUITests.framework */ = {isa = PBXFileReference; explicitFileType = wrapper.framework; includeInIndex = 0; path = Pods_CommanderContracts_iOS_CommanderContracts_iOSUITests.framework; sourceTree = BUILT_PRODUCTS_DIR; };
		E093186DD88539C5E5AB8AB0 /* Pods-CommanderContracts-iOS.debug.xcconfig */ = {isa = PBXFileReference; includeInIndex = 1; lastKnownFileType = text.xcconfig; name = "Pods-CommanderContracts-iOS.debug.xcconfig"; path = "Target Support Files/Pods-CommanderContracts-iOS/Pods-CommanderContracts-iOS.debug.xcconfig"; sourceTree = "<group>"; };
		EE20E631272C929600E7C783 /* ExistingContractsViewController.swift */ = {isa = PBXFileReference; lastKnownFileType = sourcecode.swift; path = ExistingContractsViewController.swift; sourceTree = "<group>"; };
		EE341CFD271AF75F00832A96 /* CommanderContracts-iOS.app */ = {isa = PBXFileReference; explicitFileType = wrapper.application; includeInIndex = 0; path = "CommanderContracts-iOS.app"; sourceTree = BUILT_PRODUCTS_DIR; };
		EE341D00271AF75F00832A96 /* AppDelegate.swift */ = {isa = PBXFileReference; lastKnownFileType = sourcecode.swift; path = AppDelegate.swift; sourceTree = "<group>"; };
		EE341D02271AF75F00832A96 /* SceneDelegate.swift */ = {isa = PBXFileReference; lastKnownFileType = sourcecode.swift; path = SceneDelegate.swift; sourceTree = "<group>"; };
		EE341D04271AF75F00832A96 /* HomeViewController.swift */ = {isa = PBXFileReference; lastKnownFileType = sourcecode.swift; path = HomeViewController.swift; sourceTree = "<group>"; };
		EE341D07271AF75F00832A96 /* Base */ = {isa = PBXFileReference; lastKnownFileType = file.storyboard; name = Base; path = Base.lproj/Main.storyboard; sourceTree = "<group>"; };
		EE341D09271AF76100832A96 /* Assets.xcassets */ = {isa = PBXFileReference; lastKnownFileType = folder.assetcatalog; path = Assets.xcassets; sourceTree = "<group>"; };
		EE341D0C271AF76100832A96 /* Base */ = {isa = PBXFileReference; lastKnownFileType = file.storyboard; name = Base; path = Base.lproj/LaunchScreen.storyboard; sourceTree = "<group>"; };
		EE341D0E271AF76100832A96 /* Info.plist */ = {isa = PBXFileReference; lastKnownFileType = text.plist.xml; path = Info.plist; sourceTree = "<group>"; };
		EE341D13271AF76200832A96 /* CommanderContracts-iOSTests.xctest */ = {isa = PBXFileReference; explicitFileType = wrapper.cfbundle; includeInIndex = 0; path = "CommanderContracts-iOSTests.xctest"; sourceTree = BUILT_PRODUCTS_DIR; };
		EE341D17271AF76200832A96 /* CommanderContracts_iOSTests.swift */ = {isa = PBXFileReference; lastKnownFileType = sourcecode.swift; path = CommanderContracts_iOSTests.swift; sourceTree = "<group>"; };
		EE341D19271AF76200832A96 /* Info.plist */ = {isa = PBXFileReference; lastKnownFileType = text.plist.xml; path = Info.plist; sourceTree = "<group>"; };
		EE341D1E271AF76200832A96 /* CommanderContracts-iOSUITests.xctest */ = {isa = PBXFileReference; explicitFileType = wrapper.cfbundle; includeInIndex = 0; path = "CommanderContracts-iOSUITests.xctest"; sourceTree = BUILT_PRODUCTS_DIR; };
		EE341D22271AF76200832A96 /* CommanderContracts_iOSUITests.swift */ = {isa = PBXFileReference; lastKnownFileType = sourcecode.swift; path = CommanderContracts_iOSUITests.swift; sourceTree = "<group>"; };
		EE341D24271AF76200832A96 /* Info.plist */ = {isa = PBXFileReference; lastKnownFileType = text.plist.xml; path = Info.plist; sourceTree = "<group>"; };
		EE3A5846272816E900AC4B53 /* ProgressIndicator.swift */ = {isa = PBXFileReference; lastKnownFileType = sourcecode.swift; path = ProgressIndicator.swift; sourceTree = "<group>"; };
		EE3A58632728222300AC4B53 /* UIShowHideTextField.swift */ = {isa = PBXFileReference; lastKnownFileType = sourcecode.swift; path = UIShowHideTextField.swift; sourceTree = "<group>"; };
		EE50B9A2271DB6CA0073B197 /* LoginViewController.swift */ = {isa = PBXFileReference; lastKnownFileType = sourcecode.swift; path = LoginViewController.swift; sourceTree = "<group>"; };
		EE50B9A7271DB7010073B197 /* RegisterViewController.swift */ = {isa = PBXFileReference; lastKnownFileType = sourcecode.swift; path = RegisterViewController.swift; sourceTree = "<group>"; };
		EE50B9AC271DB7510073B197 /* Extensions.swift */ = {isa = PBXFileReference; lastKnownFileType = sourcecode.swift; path = Extensions.swift; sourceTree = "<group>"; };
		EE50B9B1271DB8190073B197 /* AuthManager.swift */ = {isa = PBXFileReference; lastKnownFileType = sourcecode.swift; path = AuthManager.swift; sourceTree = "<group>"; };
		EE50B9B6271DB89D0073B197 /* StorageManager.swift */ = {isa = PBXFileReference; lastKnownFileType = sourcecode.swift; path = StorageManager.swift; sourceTree = "<group>"; };
		EE50B9BB271DB8E70073B197 /* DatabaseManager.swift */ = {isa = PBXFileReference; lastKnownFileType = sourcecode.swift; path = DatabaseManager.swift; sourceTree = "<group>"; };
		EE784536272963C6008EDEF6 /* GoogleService-Info.plist */ = {isa = PBXFileReference; fileEncoding = 4; lastKnownFileType = text.plist.xml; path = "GoogleService-Info.plist"; sourceTree = "<group>"; };
		EE78453B2729698A008EDEF6 /* Services.swift */ = {isa = PBXFileReference; lastKnownFileType = sourcecode.swift; path = Services.swift; sourceTree = "<group>"; };
		EE784540272982B6008EDEF6 /* Toast.swift */ = {isa = PBXFileReference; lastKnownFileType = sourcecode.swift; path = Toast.swift; sourceTree = "<group>"; };
		EE846219272703590022E493 /* ResetPasswordViewController.swift */ = {isa = PBXFileReference; lastKnownFileType = sourcecode.swift; path = ResetPasswordViewController.swift; sourceTree = "<group>"; };
		EE96DCDA27235FA000D20A2F /* Utilities.swift */ = {isa = PBXFileReference; lastKnownFileType = sourcecode.swift; path = Utilities.swift; sourceTree = "<group>"; };
		EE96DCE2272361EE00D20A2F /* TogglePassword.swift */ = {isa = PBXFileReference; lastKnownFileType = sourcecode.swift; path = TogglePassword.swift; sourceTree = "<group>"; };
		EEA71755272B163D0036A87B /* Canvas.swift */ = {isa = PBXFileReference; lastKnownFileType = sourcecode.swift; path = Canvas.swift; sourceTree = "<group>"; };
		EEA7175A272B17350036A87B /* SignaturePadViewController.swift */ = {isa = PBXFileReference; lastKnownFileType = sourcecode.swift; path = SignaturePadViewController.swift; sourceTree = "<group>"; };
		EEA7175F272B2B840036A87B /* ClientOrUserSingleton.swift */ = {isa = PBXFileReference; lastKnownFileType = sourcecode.swift; path = ClientOrUserSingleton.swift; sourceTree = "<group>"; };
		EEB86BBB272C727F006E4E07 /* FirebaseStorageManager.swift */ = {isa = PBXFileReference; lastKnownFileType = sourcecode.swift; path = FirebaseStorageManager.swift; sourceTree = "<group>"; };
		EEEEB5F6272AC7FB00F704C2 /* NewContractViewController.swift */ = {isa = PBXFileReference; lastKnownFileType = sourcecode.swift; path = NewContractViewController.swift; sourceTree = "<group>"; };
		EEEEB5FB272AF09B00F704C2 /* CaptureSignaturesViewController.swift */ = {isa = PBXFileReference; lastKnownFileType = sourcecode.swift; path = CaptureSignaturesViewController.swift; sourceTree = "<group>"; };
		FFD6DD5E25D8D1F2AC4B452B /* Pods_CommanderContracts_iOSTests.framework */ = {isa = PBXFileReference; explicitFileType = wrapper.framework; includeInIndex = 0; path = Pods_CommanderContracts_iOSTests.framework; sourceTree = BUILT_PRODUCTS_DIR; };
/* End PBXFileReference section */

/* Begin PBXFrameworksBuildPhase section */
		EE341CFA271AF75F00832A96 /* Frameworks */ = {
			isa = PBXFrameworksBuildPhase;
			buildActionMask = 2147483647;
			files = (
				35C61F122BBBF6273D1FE9AF /* Pods_CommanderContracts_iOS.framework in Frameworks */,
			);
			runOnlyForDeploymentPostprocessing = 0;
		};
		EE341D10271AF76200832A96 /* Frameworks */ = {
			isa = PBXFrameworksBuildPhase;
			buildActionMask = 2147483647;
			files = (
				CE95ED85A02443A080EE2631 /* Pods_CommanderContracts_iOSTests.framework in Frameworks */,
			);
			runOnlyForDeploymentPostprocessing = 0;
		};
		EE341D1B271AF76200832A96 /* Frameworks */ = {
			isa = PBXFrameworksBuildPhase;
			buildActionMask = 2147483647;
			files = (
				E7E77634EA0347899EB0CC19 /* Pods_CommanderContracts_iOS_CommanderContracts_iOSUITests.framework in Frameworks */,
			);
			runOnlyForDeploymentPostprocessing = 0;
		};
/* End PBXFrameworksBuildPhase section */

/* Begin PBXGroup section */
		4C72CEB87D9B29B1B68A126D /* Frameworks */ = {
			isa = PBXGroup;
			children = (
				13246A90E89D05A9604AECB3 /* Pods_CommanderContracts_iOS.framework */,
				DBFEF8E9F8050B2D87391F40 /* Pods_CommanderContracts_iOS_CommanderContracts_iOSUITests.framework */,
				FFD6DD5E25D8D1F2AC4B452B /* Pods_CommanderContracts_iOSTests.framework */,
			);
			name = Frameworks;
			sourceTree = "<group>";
		};
		60796EE7422BEBDCA27DF87D /* Pods */ = {
			isa = PBXGroup;
			children = (
				E093186DD88539C5E5AB8AB0 /* Pods-CommanderContracts-iOS.debug.xcconfig */,
				0C43E786960AE62FDAAA61B0 /* Pods-CommanderContracts-iOS.release.xcconfig */,
				92EE5A27AB28D859F783048D /* Pods-CommanderContracts-iOS-CommanderContracts-iOSUITests.debug.xcconfig */,
				83BDA51FCBFAF1FB629CA73A /* Pods-CommanderContracts-iOS-CommanderContracts-iOSUITests.release.xcconfig */,
				29041A0249C27BEFE524A728 /* Pods-CommanderContracts-iOSTests.debug.xcconfig */,
				391EE058F712E22AF8FDEA0B /* Pods-CommanderContracts-iOSTests.release.xcconfig */,
			);
			path = Pods;
			sourceTree = "<group>";
		};
		EE341CF4271AF75F00832A96 = {
			isa = PBXGroup;
			children = (
				EE341CFF271AF75F00832A96 /* CommanderContracts-iOS */,
				EE341D16271AF76200832A96 /* CommanderContracts-iOSTests */,
				EE341D21271AF76200832A96 /* CommanderContracts-iOSUITests */,
				EE341CFE271AF75F00832A96 /* Products */,
				60796EE7422BEBDCA27DF87D /* Pods */,
				4C72CEB87D9B29B1B68A126D /* Frameworks */,
			);
			sourceTree = "<group>";
		};
		EE341CFE271AF75F00832A96 /* Products */ = {
			isa = PBXGroup;
			children = (
				EE341CFD271AF75F00832A96 /* CommanderContracts-iOS.app */,
				EE341D13271AF76200832A96 /* CommanderContracts-iOSTests.xctest */,
				EE341D1E271AF76200832A96 /* CommanderContracts-iOSUITests.xctest */,
			);
			name = Products;
			sourceTree = "<group>";
		};
		EE341CFF271AF75F00832A96 /* CommanderContracts-iOS */ = {
			isa = PBXGroup;
			children = (
				EE96DCD927235F8400D20A2F /* Helpers */,
				EE50B9C0271DB9240073B197 /* Models */,
				EE50B99D271DB6270073B197 /* Controllers */,
				EE50B99B271DB5EE0073B197 /* Views */,
				EE50B99A271DB5940073B197 /* Resources */,
				EE341D0E271AF76100832A96 /* Info.plist */,
			);
			path = "CommanderContracts-iOS";
			sourceTree = "<group>";
		};
		EE341D16271AF76200832A96 /* CommanderContracts-iOSTests */ = {
			isa = PBXGroup;
			children = (
				EE341D17271AF76200832A96 /* CommanderContracts_iOSTests.swift */,
				EE341D19271AF76200832A96 /* Info.plist */,
			);
			path = "CommanderContracts-iOSTests";
			sourceTree = "<group>";
		};
		EE341D21271AF76200832A96 /* CommanderContracts-iOSUITests */ = {
			isa = PBXGroup;
			children = (
				EE341D22271AF76200832A96 /* CommanderContracts_iOSUITests.swift */,
				EE341D24271AF76200832A96 /* Info.plist */,
			);
			path = "CommanderContracts-iOSUITests";
			sourceTree = "<group>";
		};
		EE50B99A271DB5940073B197 /* Resources */ = {
			isa = PBXGroup;
			children = (
				EE784536272963C6008EDEF6 /* GoogleService-Info.plist */,
				EE50B9B1271DB8190073B197 /* AuthManager.swift */,
				EE341D02271AF75F00832A96 /* SceneDelegate.swift */,
				EE341D00271AF75F00832A96 /* AppDelegate.swift */,
				EE50B9AC271DB7510073B197 /* Extensions.swift */,
				EE50B9B6271DB89D0073B197 /* StorageManager.swift */,
				EE50B9BB271DB8E70073B197 /* DatabaseManager.swift */,
				EE78453B2729698A008EDEF6 /* Services.swift */,
			);
			path = Resources;
			sourceTree = "<group>";
		};
		EE50B99B271DB5EE0073B197 /* Views */ = {
			isa = PBXGroup;
			children = (
				EE341D09271AF76100832A96 /* Assets.xcassets */,
				EE50B99C271DB5FC0073B197 /* Storyboards */,
			);
			path = Views;
			sourceTree = "<group>";
		};
		EE50B99C271DB5FC0073B197 /* Storyboards */ = {
			isa = PBXGroup;
			children = (
				EE341D06271AF75F00832A96 /* Main.storyboard */,
				EE341D0B271AF76100832A96 /* LaunchScreen.storyboard */,
			);
			path = Storyboards;
			sourceTree = "<group>";
		};
		EE50B99D271DB6270073B197 /* Controllers */ = {
			isa = PBXGroup;
			children = (
				EE50B99F271DB6570073B197 /* Core Tabs */,
				EE50B99E271DB64E0073B197 /* Other */,
				EE341D04271AF75F00832A96 /* HomeViewController.swift */,
			);
			path = Controllers;
			sourceTree = "<group>";
		};
		EE50B99E271DB64E0073B197 /* Other */ = {
			isa = PBXGroup;
			children = (
				EE50B9A1271DB67F0073B197 /* General */,
				EE50B9A0271DB6710073B197 /* Onboarding */,
			);
			path = Other;
			sourceTree = "<group>";
		};
		EE50B99F271DB6570073B197 /* Core Tabs */ = {
			isa = PBXGroup;
			children = (
			);
			path = "Core Tabs";
			sourceTree = "<group>";
		};
		EE50B9A0271DB6710073B197 /* Onboarding */ = {
			isa = PBXGroup;
			children = (
				EE50B9A2271DB6CA0073B197 /* LoginViewController.swift */,
				EE50B9A7271DB7010073B197 /* RegisterViewController.swift */,
				EE846219272703590022E493 /* ResetPasswordViewController.swift */,
			);
			path = Onboarding;
			sourceTree = "<group>";
		};
		EE50B9A1271DB67F0073B197 /* General */ = {
			isa = PBXGroup;
			children = (
				EEEEB5FB272AF09B00F704C2 /* CaptureSignaturesViewController.swift */,
				EEEEB5F6272AC7FB00F704C2 /* NewContractViewController.swift */,
				EEA71755272B163D0036A87B /* Canvas.swift */,
				EEA7175A272B17350036A87B /* SignaturePadViewController.swift */,
				EE20E631272C929600E7C783 /* ExistingContractsViewController.swift */,
			);
			path = General;
			sourceTree = "<group>";
		};
		EE50B9C0271DB9240073B197 /* Models */ = {
			isa = PBXGroup;
			children = (
			);
			path = Models;
			sourceTree = "<group>";
		};
		EE96DCD927235F8400D20A2F /* Helpers */ = {
			isa = PBXGroup;
			children = (
				EE96DCDA27235FA000D20A2F /* Utilities.swift */,
				EE96DCE2272361EE00D20A2F /* TogglePassword.swift */,
				EE3A5846272816E900AC4B53 /* ProgressIndicator.swift */,
				EE3A58632728222300AC4B53 /* UIShowHideTextField.swift */,
				EE784540272982B6008EDEF6 /* Toast.swift */,
				EEA7175F272B2B840036A87B /* ClientOrUserSingleton.swift */,
				EEB86BBB272C727F006E4E07 /* FirebaseStorageManager.swift */,
			);
			path = Helpers;
			sourceTree = "<group>";
		};
/* End PBXGroup section */

/* Begin PBXNativeTarget section */
		EE341CFC271AF75F00832A96 /* CommanderContracts-iOS */ = {
			isa = PBXNativeTarget;
			buildConfigurationList = EE341D27271AF76200832A96 /* Build configuration list for PBXNativeTarget "CommanderContracts-iOS" */;
			buildPhases = (
				7B4EA873CCB032410D7425C4 /* [CP] Check Pods Manifest.lock */,
				EE341CF9271AF75F00832A96 /* Sources */,
				EE341CFA271AF75F00832A96 /* Frameworks */,
				EE341CFB271AF75F00832A96 /* Resources */,
				0935745314B1B717EE5B2CA0 /* [CP] Embed Pods Frameworks */,
			);
			buildRules = (
			);
			dependencies = (
			);
			name = "CommanderContracts-iOS";
			productName = "CommanderContracts-iOS";
			productReference = EE341CFD271AF75F00832A96 /* CommanderContracts-iOS.app */;
			productType = "com.apple.product-type.application";
		};
		EE341D12271AF76200832A96 /* CommanderContracts-iOSTests */ = {
			isa = PBXNativeTarget;
			buildConfigurationList = EE341D2A271AF76200832A96 /* Build configuration list for PBXNativeTarget "CommanderContracts-iOSTests" */;
			buildPhases = (
				89F62613309858F8259DD3CA /* [CP] Check Pods Manifest.lock */,
				EE341D0F271AF76200832A96 /* Sources */,
				EE341D10271AF76200832A96 /* Frameworks */,
				EE341D11271AF76200832A96 /* Resources */,
			);
			buildRules = (
			);
			dependencies = (
				EE341D15271AF76200832A96 /* PBXTargetDependency */,
			);
			name = "CommanderContracts-iOSTests";
			productName = "CommanderContracts-iOSTests";
			productReference = EE341D13271AF76200832A96 /* CommanderContracts-iOSTests.xctest */;
			productType = "com.apple.product-type.bundle.unit-test";
		};
		EE341D1D271AF76200832A96 /* CommanderContracts-iOSUITests */ = {
			isa = PBXNativeTarget;
			buildConfigurationList = EE341D2D271AF76200832A96 /* Build configuration list for PBXNativeTarget "CommanderContracts-iOSUITests" */;
			buildPhases = (
				AFB056E346B75795CAE2FF93 /* [CP] Check Pods Manifest.lock */,
				EE341D1A271AF76200832A96 /* Sources */,
				EE341D1B271AF76200832A96 /* Frameworks */,
				EE341D1C271AF76200832A96 /* Resources */,
				56EFFCCBA31812A63D6268B9 /* [CP] Embed Pods Frameworks */,
			);
			buildRules = (
			);
			dependencies = (
				EE341D20271AF76200832A96 /* PBXTargetDependency */,
			);
			name = "CommanderContracts-iOSUITests";
			productName = "CommanderContracts-iOSUITests";
			productReference = EE341D1E271AF76200832A96 /* CommanderContracts-iOSUITests.xctest */;
			productType = "com.apple.product-type.bundle.ui-testing";
		};
/* End PBXNativeTarget section */

/* Begin PBXProject section */
		EE341CF5271AF75F00832A96 /* Project object */ = {
			isa = PBXProject;
			attributes = {
				LastSwiftUpdateCheck = 1240;
				LastUpgradeCheck = 1240;
				TargetAttributes = {
					EE341CFC271AF75F00832A96 = {
						CreatedOnToolsVersion = 12.4;
					};
					EE341D12271AF76200832A96 = {
						CreatedOnToolsVersion = 12.4;
						TestTargetID = EE341CFC271AF75F00832A96;
					};
					EE341D1D271AF76200832A96 = {
						CreatedOnToolsVersion = 12.4;
						TestTargetID = EE341CFC271AF75F00832A96;
					};
				};
			};
			buildConfigurationList = EE341CF8271AF75F00832A96 /* Build configuration list for PBXProject "CommanderContracts-iOS" */;
			compatibilityVersion = "Xcode 9.3";
			developmentRegion = en;
			hasScannedForEncodings = 0;
			knownRegions = (
				en,
				Base,
			);
			mainGroup = EE341CF4271AF75F00832A96;
			productRefGroup = EE341CFE271AF75F00832A96 /* Products */;
			projectDirPath = "";
			projectRoot = "";
			targets = (
				EE341CFC271AF75F00832A96 /* CommanderContracts-iOS */,
				EE341D12271AF76200832A96 /* CommanderContracts-iOSTests */,
				EE341D1D271AF76200832A96 /* CommanderContracts-iOSUITests */,
			);
		};
/* End PBXProject section */

/* Begin PBXResourcesBuildPhase section */
		EE341CFB271AF75F00832A96 /* Resources */ = {
			isa = PBXResourcesBuildPhase;
			buildActionMask = 2147483647;
			files = (
				EE341D0D271AF76100832A96 /* LaunchScreen.storyboard in Resources */,
				EE784537272963C6008EDEF6 /* GoogleService-Info.plist in Resources */,
				EE341D0A271AF76100832A96 /* Assets.xcassets in Resources */,
				EE341D08271AF75F00832A96 /* Main.storyboard in Resources */,
			);
			runOnlyForDeploymentPostprocessing = 0;
		};
		EE341D11271AF76200832A96 /* Resources */ = {
			isa = PBXResourcesBuildPhase;
			buildActionMask = 2147483647;
			files = (
			);
			runOnlyForDeploymentPostprocessing = 0;
		};
		EE341D1C271AF76200832A96 /* Resources */ = {
			isa = PBXResourcesBuildPhase;
			buildActionMask = 2147483647;
			files = (
			);
			runOnlyForDeploymentPostprocessing = 0;
		};
/* End PBXResourcesBuildPhase section */

/* Begin PBXShellScriptBuildPhase section */
		0935745314B1B717EE5B2CA0 /* [CP] Embed Pods Frameworks */ = {
			isa = PBXShellScriptBuildPhase;
			buildActionMask = 2147483647;
			files = (
			);
			inputFileListPaths = (
				"${PODS_ROOT}/Target Support Files/Pods-CommanderContracts-iOS/Pods-CommanderContracts-iOS-frameworks-${CONFIGURATION}-input-files.xcfilelist",
			);
			name = "[CP] Embed Pods Frameworks";
			outputFileListPaths = (
				"${PODS_ROOT}/Target Support Files/Pods-CommanderContracts-iOS/Pods-CommanderContracts-iOS-frameworks-${CONFIGURATION}-output-files.xcfilelist",
			);
			runOnlyForDeploymentPostprocessing = 0;
			shellPath = /bin/sh;
			shellScript = "\"${PODS_ROOT}/Target Support Files/Pods-CommanderContracts-iOS/Pods-CommanderContracts-iOS-frameworks.sh\"\n";
			showEnvVarsInLog = 0;
		};
		56EFFCCBA31812A63D6268B9 /* [CP] Embed Pods Frameworks */ = {
			isa = PBXShellScriptBuildPhase;
			buildActionMask = 2147483647;
			files = (
			);
			inputFileListPaths = (
				"${PODS_ROOT}/Target Support Files/Pods-CommanderContracts-iOS-CommanderContracts-iOSUITests/Pods-CommanderContracts-iOS-CommanderContracts-iOSUITests-frameworks-${CONFIGURATION}-input-files.xcfilelist",
			);
			name = "[CP] Embed Pods Frameworks";
			outputFileListPaths = (
				"${PODS_ROOT}/Target Support Files/Pods-CommanderContracts-iOS-CommanderContracts-iOSUITests/Pods-CommanderContracts-iOS-CommanderContracts-iOSUITests-frameworks-${CONFIGURATION}-output-files.xcfilelist",
			);
			runOnlyForDeploymentPostprocessing = 0;
			shellPath = /bin/sh;
			shellScript = "\"${PODS_ROOT}/Target Support Files/Pods-CommanderContracts-iOS-CommanderContracts-iOSUITests/Pods-CommanderContracts-iOS-CommanderContracts-iOSUITests-frameworks.sh\"\n";
			showEnvVarsInLog = 0;
		};
		7B4EA873CCB032410D7425C4 /* [CP] Check Pods Manifest.lock */ = {
			isa = PBXShellScriptBuildPhase;
			buildActionMask = 2147483647;
			files = (
			);
			inputFileListPaths = (
			);
			inputPaths = (
				"${PODS_PODFILE_DIR_PATH}/Podfile.lock",
				"${PODS_ROOT}/Manifest.lock",
			);
			name = "[CP] Check Pods Manifest.lock";
			outputFileListPaths = (
			);
			outputPaths = (
				"$(DERIVED_FILE_DIR)/Pods-CommanderContracts-iOS-checkManifestLockResult.txt",
			);
			runOnlyForDeploymentPostprocessing = 0;
			shellPath = /bin/sh;
			shellScript = "diff \"${PODS_PODFILE_DIR_PATH}/Podfile.lock\" \"${PODS_ROOT}/Manifest.lock\" > /dev/null\nif [ $? != 0 ] ; then\n    # print error to STDERR\n    echo \"error: The sandbox is not in sync with the Podfile.lock. Run 'pod install' or update your CocoaPods installation.\" >&2\n    exit 1\nfi\n# This output is used by Xcode 'outputs' to avoid re-running this script phase.\necho \"SUCCESS\" > \"${SCRIPT_OUTPUT_FILE_0}\"\n";
			showEnvVarsInLog = 0;
		};
		89F62613309858F8259DD3CA /* [CP] Check Pods Manifest.lock */ = {
			isa = PBXShellScriptBuildPhase;
			buildActionMask = 2147483647;
			files = (
			);
			inputFileListPaths = (
			);
			inputPaths = (
				"${PODS_PODFILE_DIR_PATH}/Podfile.lock",
				"${PODS_ROOT}/Manifest.lock",
			);
			name = "[CP] Check Pods Manifest.lock";
			outputFileListPaths = (
			);
			outputPaths = (
				"$(DERIVED_FILE_DIR)/Pods-CommanderContracts-iOSTests-checkManifestLockResult.txt",
			);
			runOnlyForDeploymentPostprocessing = 0;
			shellPath = /bin/sh;
			shellScript = "diff \"${PODS_PODFILE_DIR_PATH}/Podfile.lock\" \"${PODS_ROOT}/Manifest.lock\" > /dev/null\nif [ $? != 0 ] ; then\n    # print error to STDERR\n    echo \"error: The sandbox is not in sync with the Podfile.lock. Run 'pod install' or update your CocoaPods installation.\" >&2\n    exit 1\nfi\n# This output is used by Xcode 'outputs' to avoid re-running this script phase.\necho \"SUCCESS\" > \"${SCRIPT_OUTPUT_FILE_0}\"\n";
			showEnvVarsInLog = 0;
		};
		AFB056E346B75795CAE2FF93 /* [CP] Check Pods Manifest.lock */ = {
			isa = PBXShellScriptBuildPhase;
			buildActionMask = 2147483647;
			files = (
			);
			inputFileListPaths = (
			);
			inputPaths = (
				"${PODS_PODFILE_DIR_PATH}/Podfile.lock",
				"${PODS_ROOT}/Manifest.lock",
			);
			name = "[CP] Check Pods Manifest.lock";
			outputFileListPaths = (
			);
			outputPaths = (
				"$(DERIVED_FILE_DIR)/Pods-CommanderContracts-iOS-CommanderContracts-iOSUITests-checkManifestLockResult.txt",
			);
			runOnlyForDeploymentPostprocessing = 0;
			shellPath = /bin/sh;
			shellScript = "diff \"${PODS_PODFILE_DIR_PATH}/Podfile.lock\" \"${PODS_ROOT}/Manifest.lock\" > /dev/null\nif [ $? != 0 ] ; then\n    # print error to STDERR\n    echo \"error: The sandbox is not in sync with the Podfile.lock. Run 'pod install' or update your CocoaPods installation.\" >&2\n    exit 1\nfi\n# This output is used by Xcode 'outputs' to avoid re-running this script phase.\necho \"SUCCESS\" > \"${SCRIPT_OUTPUT_FILE_0}\"\n";
			showEnvVarsInLog = 0;
		};
/* End PBXShellScriptBuildPhase section */

/* Begin PBXSourcesBuildPhase section */
		EE341CF9271AF75F00832A96 /* Sources */ = {
			isa = PBXSourcesBuildPhase;
			buildActionMask = 2147483647;
			files = (
				EE3A58642728222300AC4B53 /* UIShowHideTextField.swift in Sources */,
				EE784541272982B6008EDEF6 /* Toast.swift in Sources */,
				EE20E632272C929600E7C783 /* ExistingContractsViewController.swift in Sources */,
				EEA71760272B2B840036A87B /* ClientOrUserSingleton.swift in Sources */,
				EEEEB5FC272AF09B00F704C2 /* CaptureSignaturesViewController.swift in Sources */,
				EE50B9A3271DB6CA0073B197 /* LoginViewController.swift in Sources */,
				EE50B9B2271DB8190073B197 /* AuthManager.swift in Sources */,
				EE50B9AD271DB7510073B197 /* Extensions.swift in Sources */,
				EE3A5847272816E900AC4B53 /* ProgressIndicator.swift in Sources */,
				EEA71756272B163D0036A87B /* Canvas.swift in Sources */,
				EEEEB5F7272AC7FB00F704C2 /* NewContractViewController.swift in Sources */,
				EE84621A272703590022E493 /* ResetPasswordViewController.swift in Sources */,
				EE50B9A8271DB7010073B197 /* RegisterViewController.swift in Sources */,
				EEB86BBC272C727F006E4E07 /* FirebaseStorageManager.swift in Sources */,
				EE341D05271AF75F00832A96 /* HomeViewController.swift in Sources */,
				EE341D01271AF75F00832A96 /* AppDelegate.swift in Sources */,
				EE341D03271AF75F00832A96 /* SceneDelegate.swift in Sources */,
				EE78453C2729698A008EDEF6 /* Services.swift in Sources */,
				EE50B9B7271DB89D0073B197 /* StorageManager.swift in Sources */,
				EE96DCDB27235FA000D20A2F /* Utilities.swift in Sources */,
				EE50B9BC271DB8E70073B197 /* DatabaseManager.swift in Sources */,
				EEA7175B272B17350036A87B /* SignaturePadViewController.swift in Sources */,
				EE96DCE3272361EE00D20A2F /* TogglePassword.swift in Sources */,
			);
			runOnlyForDeploymentPostprocessing = 0;
		};
		EE341D0F271AF76200832A96 /* Sources */ = {
			isa = PBXSourcesBuildPhase;
			buildActionMask = 2147483647;
			files = (
				EE341D18271AF76200832A96 /* CommanderContracts_iOSTests.swift in Sources */,
			);
			runOnlyForDeploymentPostprocessing = 0;
		};
		EE341D1A271AF76200832A96 /* Sources */ = {
			isa = PBXSourcesBuildPhase;
			buildActionMask = 2147483647;
			files = (
				EE341D23271AF76200832A96 /* CommanderContracts_iOSUITests.swift in Sources */,
			);
			runOnlyForDeploymentPostprocessing = 0;
		};
/* End PBXSourcesBuildPhase section */

/* Begin PBXTargetDependency section */
		EE341D15271AF76200832A96 /* PBXTargetDependency */ = {
			isa = PBXTargetDependency;
			target = EE341CFC271AF75F00832A96 /* CommanderContracts-iOS */;
			targetProxy = EE341D14271AF76200832A96 /* PBXContainerItemProxy */;
		};
		EE341D20271AF76200832A96 /* PBXTargetDependency */ = {
			isa = PBXTargetDependency;
			target = EE341CFC271AF75F00832A96 /* CommanderContracts-iOS */;
			targetProxy = EE341D1F271AF76200832A96 /* PBXContainerItemProxy */;
		};
/* End PBXTargetDependency section */

/* Begin PBXVariantGroup section */
		EE341D06271AF75F00832A96 /* Main.storyboard */ = {
			isa = PBXVariantGroup;
			children = (
				EE341D07271AF75F00832A96 /* Base */,
			);
			name = Main.storyboard;
			sourceTree = "<group>";
		};
		EE341D0B271AF76100832A96 /* LaunchScreen.storyboard */ = {
			isa = PBXVariantGroup;
			children = (
				EE341D0C271AF76100832A96 /* Base */,
			);
			name = LaunchScreen.storyboard;
			sourceTree = "<group>";
		};
/* End PBXVariantGroup section */

/* Begin XCBuildConfiguration section */
		EE341D25271AF76200832A96 /* Debug */ = {
			isa = XCBuildConfiguration;
			buildSettings = {
				ALWAYS_SEARCH_USER_PATHS = NO;
				CLANG_ANALYZER_NONNULL = YES;
				CLANG_ANALYZER_NUMBER_OBJECT_CONVERSION = YES_AGGRESSIVE;
				CLANG_CXX_LANGUAGE_STANDARD = "gnu++14";
				CLANG_CXX_LIBRARY = "libc++";
				CLANG_ENABLE_MODULES = YES;
				CLANG_ENABLE_OBJC_ARC = YES;
				CLANG_ENABLE_OBJC_WEAK = YES;
				CLANG_WARN_BLOCK_CAPTURE_AUTORELEASING = YES;
				CLANG_WARN_BOOL_CONVERSION = YES;
				CLANG_WARN_COMMA = YES;
				CLANG_WARN_CONSTANT_CONVERSION = YES;
				CLANG_WARN_DEPRECATED_OBJC_IMPLEMENTATIONS = YES;
				CLANG_WARN_DIRECT_OBJC_ISA_USAGE = YES_ERROR;
				CLANG_WARN_DOCUMENTATION_COMMENTS = YES;
				CLANG_WARN_EMPTY_BODY = YES;
				CLANG_WARN_ENUM_CONVERSION = YES;
				CLANG_WARN_INFINITE_RECURSION = YES;
				CLANG_WARN_INT_CONVERSION = YES;
				CLANG_WARN_NON_LITERAL_NULL_CONVERSION = YES;
				CLANG_WARN_OBJC_IMPLICIT_RETAIN_SELF = YES;
				CLANG_WARN_OBJC_LITERAL_CONVERSION = YES;
				CLANG_WARN_OBJC_ROOT_CLASS = YES_ERROR;
				CLANG_WARN_QUOTED_INCLUDE_IN_FRAMEWORK_HEADER = YES;
				CLANG_WARN_RANGE_LOOP_ANALYSIS = YES;
				CLANG_WARN_STRICT_PROTOTYPES = YES;
				CLANG_WARN_SUSPICIOUS_MOVE = YES;
				CLANG_WARN_UNGUARDED_AVAILABILITY = YES_AGGRESSIVE;
				CLANG_WARN_UNREACHABLE_CODE = YES;
				CLANG_WARN__DUPLICATE_METHOD_MATCH = YES;
				COPY_PHASE_STRIP = NO;
				DEBUG_INFORMATION_FORMAT = dwarf;
				ENABLE_STRICT_OBJC_MSGSEND = YES;
				ENABLE_TESTABILITY = YES;
				GCC_C_LANGUAGE_STANDARD = gnu11;
				GCC_DYNAMIC_NO_PIC = NO;
				GCC_NO_COMMON_BLOCKS = YES;
				GCC_OPTIMIZATION_LEVEL = 0;
				GCC_PREPROCESSOR_DEFINITIONS = (
					"DEBUG=1",
					"$(inherited)",
				);
				GCC_WARN_64_TO_32_BIT_CONVERSION = YES;
				GCC_WARN_ABOUT_RETURN_TYPE = YES_ERROR;
				GCC_WARN_UNDECLARED_SELECTOR = YES;
				GCC_WARN_UNINITIALIZED_AUTOS = YES_AGGRESSIVE;
				GCC_WARN_UNUSED_FUNCTION = YES;
				GCC_WARN_UNUSED_VARIABLE = YES;
				IPHONEOS_DEPLOYMENT_TARGET = 14.4;
				MTL_ENABLE_DEBUG_INFO = INCLUDE_SOURCE;
				MTL_FAST_MATH = YES;
				ONLY_ACTIVE_ARCH = YES;
				SDKROOT = iphoneos;
				SWIFT_ACTIVE_COMPILATION_CONDITIONS = DEBUG;
				SWIFT_OPTIMIZATION_LEVEL = "-Onone";
			};
			name = Debug;
		};
		EE341D26271AF76200832A96 /* Release */ = {
			isa = XCBuildConfiguration;
			buildSettings = {
				ALWAYS_SEARCH_USER_PATHS = NO;
				CLANG_ANALYZER_NONNULL = YES;
				CLANG_ANALYZER_NUMBER_OBJECT_CONVERSION = YES_AGGRESSIVE;
				CLANG_CXX_LANGUAGE_STANDARD = "gnu++14";
				CLANG_CXX_LIBRARY = "libc++";
				CLANG_ENABLE_MODULES = YES;
				CLANG_ENABLE_OBJC_ARC = YES;
				CLANG_ENABLE_OBJC_WEAK = YES;
				CLANG_WARN_BLOCK_CAPTURE_AUTORELEASING = YES;
				CLANG_WARN_BOOL_CONVERSION = YES;
				CLANG_WARN_COMMA = YES;
				CLANG_WARN_CONSTANT_CONVERSION = YES;
				CLANG_WARN_DEPRECATED_OBJC_IMPLEMENTATIONS = YES;
				CLANG_WARN_DIRECT_OBJC_ISA_USAGE = YES_ERROR;
				CLANG_WARN_DOCUMENTATION_COMMENTS = YES;
				CLANG_WARN_EMPTY_BODY = YES;
				CLANG_WARN_ENUM_CONVERSION = YES;
				CLANG_WARN_INFINITE_RECURSION = YES;
				CLANG_WARN_INT_CONVERSION = YES;
				CLANG_WARN_NON_LITERAL_NULL_CONVERSION = YES;
				CLANG_WARN_OBJC_IMPLICIT_RETAIN_SELF = YES;
				CLANG_WARN_OBJC_LITERAL_CONVERSION = YES;
				CLANG_WARN_OBJC_ROOT_CLASS = YES_ERROR;
				CLANG_WARN_QUOTED_INCLUDE_IN_FRAMEWORK_HEADER = YES;
				CLANG_WARN_RANGE_LOOP_ANALYSIS = YES;
				CLANG_WARN_STRICT_PROTOTYPES = YES;
				CLANG_WARN_SUSPICIOUS_MOVE = YES;
				CLANG_WARN_UNGUARDED_AVAILABILITY = YES_AGGRESSIVE;
				CLANG_WARN_UNREACHABLE_CODE = YES;
				CLANG_WARN__DUPLICATE_METHOD_MATCH = YES;
				COPY_PHASE_STRIP = NO;
				DEBUG_INFORMATION_FORMAT = "dwarf-with-dsym";
				ENABLE_NS_ASSERTIONS = NO;
				ENABLE_STRICT_OBJC_MSGSEND = YES;
				GCC_C_LANGUAGE_STANDARD = gnu11;
				GCC_NO_COMMON_BLOCKS = YES;
				GCC_WARN_64_TO_32_BIT_CONVERSION = YES;
				GCC_WARN_ABOUT_RETURN_TYPE = YES_ERROR;
				GCC_WARN_UNDECLARED_SELECTOR = YES;
				GCC_WARN_UNINITIALIZED_AUTOS = YES_AGGRESSIVE;
				GCC_WARN_UNUSED_FUNCTION = YES;
				GCC_WARN_UNUSED_VARIABLE = YES;
				IPHONEOS_DEPLOYMENT_TARGET = 14.4;
				MTL_ENABLE_DEBUG_INFO = NO;
				MTL_FAST_MATH = YES;
				SDKROOT = iphoneos;
				SWIFT_COMPILATION_MODE = wholemodule;
				SWIFT_OPTIMIZATION_LEVEL = "-O";
				VALIDATE_PRODUCT = YES;
			};
			name = Release;
		};
		EE341D28271AF76200832A96 /* Debug */ = {
			isa = XCBuildConfiguration;
			baseConfigurationReference = E093186DD88539C5E5AB8AB0 /* Pods-CommanderContracts-iOS.debug.xcconfig */;
			buildSettings = {
				ASSETCATALOG_COMPILER_APPICON_NAME = AppIcon;
				ASSETCATALOG_COMPILER_GLOBAL_ACCENT_COLOR_NAME = AccentColor;
				CODE_SIGN_STYLE = Automatic;
				DEVELOPMENT_TEAM = NM8JJUDFSC;
				INFOPLIST_FILE = "CommanderContracts-iOS/Info.plist";
				LD_RUNPATH_SEARCH_PATHS = (
					"$(inherited)",
					"@executable_path/Frameworks",
				);
				PRODUCT_BUNDLE_IDENTIFIER = "JIS.CommanderContracts-iOS";
				PRODUCT_NAME = "$(TARGET_NAME)";
				SWIFT_VERSION = 5.0;
				TARGETED_DEVICE_FAMILY = "1,2";
			};
			name = Debug;
		};
		EE341D29271AF76200832A96 /* Release */ = {
			isa = XCBuildConfiguration;
			baseConfigurationReference = 0C43E786960AE62FDAAA61B0 /* Pods-CommanderContracts-iOS.release.xcconfig */;
			buildSettings = {
				ASSETCATALOG_COMPILER_APPICON_NAME = AppIcon;
				ASSETCATALOG_COMPILER_GLOBAL_ACCENT_COLOR_NAME = AccentColor;
				CODE_SIGN_STYLE = Automatic;
				DEVELOPMENT_TEAM = NM8JJUDFSC;
				INFOPLIST_FILE = "CommanderContracts-iOS/Info.plist";
				LD_RUNPATH_SEARCH_PATHS = (
					"$(inherited)",
					"@executable_path/Frameworks",
				);
				PRODUCT_BUNDLE_IDENTIFIER = "JIS.CommanderContracts-iOS";
				PRODUCT_NAME = "$(TARGET_NAME)";
				SWIFT_VERSION = 5.0;
				TARGETED_DEVICE_FAMILY = "1,2";
			};
			name = Release;
		};
		EE341D2B271AF76200832A96 /* Debug */ = {
			isa = XCBuildConfiguration;
			baseConfigurationReference = 29041A0249C27BEFE524A728 /* Pods-CommanderContracts-iOSTests.debug.xcconfig */;
			buildSettings = {
				ALWAYS_EMBED_SWIFT_STANDARD_LIBRARIES = YES;
				BUNDLE_LOADER = "$(TEST_HOST)";
				CODE_SIGN_STYLE = Automatic;
				DEVELOPMENT_TEAM = NM8JJUDFSC;
				INFOPLIST_FILE = "CommanderContracts-iOSTests/Info.plist";
				IPHONEOS_DEPLOYMENT_TARGET = 14.4;
				LD_RUNPATH_SEARCH_PATHS = (
					"$(inherited)",
					"@executable_path/Frameworks",
					"@loader_path/Frameworks",
				);
				PRODUCT_BUNDLE_IDENTIFIER = "JIS.CommanderContracts-iOSTests";
				PRODUCT_NAME = "$(TARGET_NAME)";
				SWIFT_VERSION = 5.0;
				TARGETED_DEVICE_FAMILY = "1,2";
				TEST_HOST = "$(BUILT_PRODUCTS_DIR)/CommanderContracts-iOS.app/CommanderContracts-iOS";
			};
			name = Debug;
		};
		EE341D2C271AF76200832A96 /* Release */ = {
			isa = XCBuildConfiguration;
			baseConfigurationReference = 391EE058F712E22AF8FDEA0B /* Pods-CommanderContracts-iOSTests.release.xcconfig */;
			buildSettings = {
				ALWAYS_EMBED_SWIFT_STANDARD_LIBRARIES = YES;
				BUNDLE_LOADER = "$(TEST_HOST)";
				CODE_SIGN_STYLE = Automatic;
				DEVELOPMENT_TEAM = NM8JJUDFSC;
				INFOPLIST_FILE = "CommanderContracts-iOSTests/Info.plist";
				IPHONEOS_DEPLOYMENT_TARGET = 14.4;
				LD_RUNPATH_SEARCH_PATHS = (
					"$(inherited)",
					"@executable_path/Frameworks",
					"@loader_path/Frameworks",
				);
				PRODUCT_BUNDLE_IDENTIFIER = "JIS.CommanderContracts-iOSTests";
				PRODUCT_NAME = "$(TARGET_NAME)";
				SWIFT_VERSION = 5.0;
				TARGETED_DEVICE_FAMILY = "1,2";
				TEST_HOST = "$(BUILT_PRODUCTS_DIR)/CommanderContracts-iOS.app/CommanderContracts-iOS";
			};
			name = Release;
		};
		EE341D2E271AF76200832A96 /* Debug */ = {
			isa = XCBuildConfiguration;
			baseConfigurationReference = 92EE5A27AB28D859F783048D /* Pods-CommanderContracts-iOS-CommanderContracts-iOSUITests.debug.xcconfig */;
			buildSettings = {
				ALWAYS_EMBED_SWIFT_STANDARD_LIBRARIES = YES;
				CODE_SIGN_STYLE = Automatic;
				DEVELOPMENT_TEAM = NM8JJUDFSC;
				INFOPLIST_FILE = "CommanderContracts-iOSUITests/Info.plist";
				LD_RUNPATH_SEARCH_PATHS = (
					"$(inherited)",
					"@executable_path/Frameworks",
					"@loader_path/Frameworks",
				);
				PRODUCT_BUNDLE_IDENTIFIER = "JIS.CommanderContracts-iOSUITests";
				PRODUCT_NAME = "$(TARGET_NAME)";
				SWIFT_VERSION = 5.0;
				TARGETED_DEVICE_FAMILY = "1,2";
				TEST_TARGET_NAME = "CommanderContracts-iOS";
			};
			name = Debug;
		};
		EE341D2F271AF76200832A96 /* Release */ = {
			isa = XCBuildConfiguration;
			baseConfigurationReference = 83BDA51FCBFAF1FB629CA73A /* Pods-CommanderContracts-iOS-CommanderContracts-iOSUITests.release.xcconfig */;
			buildSettings = {
				ALWAYS_EMBED_SWIFT_STANDARD_LIBRARIES = YES;
				CODE_SIGN_STYLE = Automatic;
				DEVELOPMENT_TEAM = NM8JJUDFSC;
				INFOPLIST_FILE = "CommanderContracts-iOSUITests/Info.plist";
				LD_RUNPATH_SEARCH_PATHS = (
					"$(inherited)",
					"@executable_path/Frameworks",
					"@loader_path/Frameworks",
				);
				PRODUCT_BUNDLE_IDENTIFIER = "JIS.CommanderContracts-iOSUITests";
				PRODUCT_NAME = "$(TARGET_NAME)";
				SWIFT_VERSION = 5.0;
				TARGETED_DEVICE_FAMILY = "1,2";
				TEST_TARGET_NAME = "CommanderContracts-iOS";
			};
			name = Release;
		};
/* End XCBuildConfiguration section */

/* Begin XCConfigurationList section */
		EE341CF8271AF75F00832A96 /* Build configuration list for PBXProject "CommanderContracts-iOS" */ = {
			isa = XCConfigurationList;
			buildConfigurations = (
				EE341D25271AF76200832A96 /* Debug */,
				EE341D26271AF76200832A96 /* Release */,
			);
			defaultConfigurationIsVisible = 0;
			defaultConfigurationName = Release;
		};
		EE341D27271AF76200832A96 /* Build configuration list for PBXNativeTarget "CommanderContracts-iOS" */ = {
			isa = XCConfigurationList;
			buildConfigurations = (
				EE341D28271AF76200832A96 /* Debug */,
				EE341D29271AF76200832A96 /* Release */,
			);
			defaultConfigurationIsVisible = 0;
			defaultConfigurationName = Release;
		};
		EE341D2A271AF76200832A96 /* Build configuration list for PBXNativeTarget "CommanderContracts-iOSTests" */ = {
			isa = XCConfigurationList;
			buildConfigurations = (
				EE341D2B271AF76200832A96 /* Debug */,
				EE341D2C271AF76200832A96 /* Release */,
			);
			defaultConfigurationIsVisible = 0;
			defaultConfigurationName = Release;
		};
		EE341D2D271AF76200832A96 /* Build configuration list for PBXNativeTarget "CommanderContracts-iOSUITests" */ = {
			isa = XCConfigurationList;
			buildConfigurations = (
				EE341D2E271AF76200832A96 /* Debug */,
				EE341D2F271AF76200832A96 /* Release */,
			);
			defaultConfigurationIsVisible = 0;
			defaultConfigurationName = Release;
		};
/* End XCConfigurationList section */
	};
	rootObject = EE341CF5271AF75F00832A96 /* Project object */;
}
